// !$*UTF8*$!
{
	archiveVersion = 1;
	classes = {
	};
	objectVersion = 46;
	objects = {

/* Begin PBXBuildFile section */
		ED4D43B61C38B8C200EC1833 /* AppDelegate.swift in Sources */ = {isa = PBXBuildFile; fileRef = ED4D43B51C38B8C200EC1833 /* AppDelegate.swift */; };
		ED4D43B81C38B8C200EC1833 /* ViewController.swift in Sources */ = {isa = PBXBuildFile; fileRef = ED4D43B71C38B8C200EC1833 /* ViewController.swift */; };
		ED4D43BB1C38B8C200EC1833 /* Main.storyboard in Resources */ = {isa = PBXBuildFile; fileRef = ED4D43B91C38B8C200EC1833 /* Main.storyboard */; };
		ED4D43BD1C38B8C200EC1833 /* Assets.xcassets in Resources */ = {isa = PBXBuildFile; fileRef = ED4D43BC1C38B8C200EC1833 /* Assets.xcassets */; };
		ED4D43C01C38B8C200EC1833 /* LaunchScreen.storyboard in Resources */ = {isa = PBXBuildFile; fileRef = ED4D43BE1C38B8C200EC1833 /* LaunchScreen.storyboard */; };
/* End PBXBuildFile section */

/* Begin PBXFileReference section */
		ED4D43B21C38B8C200EC1833 /* SuperCool.app */ = {isa = PBXFileReference; explicitFileType = wrapper.application; includeInIndex = 0; path = SuperCool.app; sourceTree = BUILT_PRODUCTS_DIR; };
		ED4D43B51C38B8C200EC1833 /* AppDelegate.swift */ = {isa = PBXFileReference; lastKnownFileType = sourcecode.swift; path = AppDelegate.swift; sourceTree = "<group>"; };
		ED4D43B71C38B8C200EC1833 /* ViewController.swift */ = {isa = PBXFileReference; lastKnownFileType = sourcecode.swift; path = ViewController.swift; sourceTree = "<group>"; };
		ED4D43BA1C38B8C200EC1833 /* Base */ = {isa = PBXFileReference; lastKnownFileType = file.storyboard; name = Base; path = Base.lproj/Main.storyboard; sourceTree = "<group>"; };
		ED4D43BC1C38B8C200EC1833 /* Assets.xcassets */ = {isa = PBXFileReference; lastKnownFileType = folder.assetcatalog; path = Assets.xcassets; sourceTree = "<group>"; };
		ED4D43BF1C38B8C200EC1833 /* Base */ = {isa = PBXFileReference; lastKnownFileType = file.storyboard; name = Base; path = Base.lproj/LaunchScreen.storyboard; sourceTree = "<group>"; };
		ED4D43C11C38B8C200EC1833 /* Info.plist */ = {isa = PBXFileReference; lastKnownFileType = text.plist.xml; path = Info.plist; sourceTree = "<group>"; };
/* End PBXFileReference section */

/* Begin PBXFrameworksBuildPhase section */
		ED4D43AF1C38B8C200EC1833 /* Frameworks */ = {
			isa = PBXFrameworksBuildPhase;
			buildActionMask = 2147483647;
			files = (
			);
			runOnlyForDeploymentPostprocessing = 0;
		};
/* End PBXFrameworksBuildPhase section */

/* Begin PBXGroup section */
		ED4D43A91C38B8C200EC1833 = {
			isa = PBXGroup;
			children = (
				ED4D43B41C38B8C200EC1833 /* SuperCool */,
				ED4D43B31C38B8C200EC1833 /* Products */,
			);
			sourceTree = "<group>";
		};
		ED4D43B31C38B8C200EC1833 /* Products */ = {
			isa = PBXGroup;
			children = (
				ED4D43B21C38B8C200EC1833 /* SuperCool.app */,
			);
			name = Products;
			sourceTree = "<group>";
		};
		ED4D43B41C38B8C200EC1833 /* SuperCool */ = {
			isa = PBXGroup;
			children = (
				ED4D43B51C38B8C200EC1833 /* AppDelegate.swift */,
				ED4D43B71C38B8C200EC1833 /* ViewController.swift */,
				ED4D43B91C38B8C200EC1833 /* Main.storyboard */,
				ED4D43BC1C38B8C200EC1833 /* Assets.xcassets */,
				ED4D43BE1C38B8C200EC1833 /* LaunchScreen.storyboard */,
				ED4D43C11C38B8C200EC1833 /* Info.plist */,
			);
			path = SuperCool;
			sourceTree = "<group>";
		};
/* End PBXGroup section */

/* Begin PBXNativeTarget section */
		ED4D43B11C38B8C200EC1833 /* SuperCool */ = {
			isa = PBXNativeTarget;
			buildConfigurationList = ED4D43C41C38B8C200EC1833 /* Build configuration list for PBXNativeTarget "SuperCool" */;
			buildPhases = (
				ED4D43AE1C38B8C200EC1833 /* Sources */,
				ED4D43AF1C38B8C200EC1833 /* Frameworks */,
				ED4D43B01C38B8C200EC1833 /* Resources */,
			);
			buildRules = (
			);
			dependencies = (
			);
			name = SuperCool;
			productName = SuperCool;
			productReference = ED4D43B21C38B8C200EC1833 /* SuperCool.app */;
			productType = "com.apple.product-type.application";
		};
/* End PBXNativeTarget section */

/* Begin PBXProject section */
		ED4D43AA1C38B8C200EC1833 /* Project object */ = {
			isa = PBXProject;
			attributes = {
				LastSwiftUpdateCheck = 0720;
				LastUpgradeCheck = 0720;
				ORGANIZATIONNAME = snowseal;
				TargetAttributes = {
					ED4D43B11C38B8C200EC1833 = {
						CreatedOnToolsVersion = 7.2;
					};
				};
			};
			buildConfigurationList = ED4D43AD1C38B8C200EC1833 /* Build configuration list for PBXProject "SuperCool" */;
			compatibilityVersion = "Xcode 3.2";
			developmentRegion = English;
			hasScannedForEncodings = 0;
			knownRegions = (
				en,
				Base,
			);
			mainGroup = ED4D43A91C38B8C200EC1833;
			productRefGroup = ED4D43B31C38B8C200EC1833 /* Products */;
			projectDirPath = "";
			projectRoot = "";
			targets = (
				ED4D43B11C38B8C200EC1833 /* SuperCool */,
			);
		};
/* End PBXProject section */

/* Begin PBXResourcesBuildPhase section */
		ED4D43B01C38B8C200EC1833 /* Resources */ = {
			isa = PBXResourcesBuildPhase;
			buildActionMask = 2147483647;
			files = (
				ED4D43C01C38B8C200EC1833 /* LaunchScreen.storyboard in Resources */,
				ED4D43BD1C38B8C200EC1833 /* Assets.xcassets in Resources */,
				ED4D43BB1C38B8C200EC1833 /* Main.storyboard in Resources */,
			);
			runOnlyForDeploymentPostprocessing = 0;
		};
/* End PBXResourcesBuildPhase section */

/* Begin PBXSourcesBuildPhase section */
		ED4D43AE1C38B8C200EC1833 /* Sources */ = {
			isa = PBXSourcesBuildPhase;
			buildActionMask = 2147483647;
			files = (
				ED4D43B81C38B8C200EC1833 /* ViewController.swift in Sources */,
				ED4D43B61C38B8C200EC1833 /* AppDelegate.swift in Sources */,
			);
			runOnlyForDeploymentPostprocessing = 0;
		};
/* End PBXSourcesBuildPhase section */

/* Begin PBXVariantGroup section */
		ED4D43B91C38B8C200EC1833 /* Main.storyboard */ = {
			isa = PBXVariantGroup;
			children = (
				ED4D43BA1C38B8C200EC1833 /* Base */,
			);
			name = Main.storyboard;
			sourceTree = "<group>";
		};
		ED4D43BE1C38B8C200EC1833 /* LaunchScreen.storyboard */ = {
			isa = PBXVariantGroup;
			children = (
				ED4D43BF1C38B8C200EC1833 /* Base */,
			);
			name = LaunchScreen.storyboard;
			sourceTree = "<group>";
		};
/* End PBXVariantGroup section */

/* Begin XCBuildConfiguration section */
		ED4D43C21C38B8C200EC1833 /* Debug */ = {
			isa = XCBuildConfiguration;
			buildSettings = {
				ALWAYS_SEARCH_USER_PATHS = NO;
				CLANG_CXX_LANGUAGE_STANDARD = "gnu++0x";
				CLANG_CXX_LIBRARY = "libc++";
				CLANG_ENABLE_MODULES = YES;
				CLANG_ENABLE_OBJC_ARC = YES;
				CLANG_WARN_BOOL_CONVERSION = YES;
				CLANG_WARN_CONSTANT_CONVERSION = YES;
				CLANG_WARN_DIRECT_OBJC_ISA_USAGE = YES_ERROR;
				CLANG_WARN_EMPTY_BODY = YES;
				CLANG_WARN_ENUM_CONVERSION = YES;
				CLANG_WARN_INT_CONVERSION = YES;
				CLANG_WARN_OBJC_ROOT_CLASS = YES_ERROR;
				CLANG_WARN_UNREACHABLE_CODE = YES;
				CLANG_WARN__DUPLICATE_METHOD_MATCH = YES;
				"CODE_SIGN_IDENTITY[sdk=iphoneos*]" = "iPhone Developer";
				COPY_PHASE_STRIP = NO;
				DEBUG_INFORMATION_FORMAT = dwarf;
				ENABLE_STRICT_OBJC_MSGSEND = YES;
				ENABLE_TESTABILITY = YES;
				GCC_C_LANGUAGE_STANDARD = gnu99;
				GCC_DYNAMIC_NO_PIC = NO;
				GCC_NO_COMMON_BLOCKS = YES;
				GCC_OPTIMIZATION_LEVEL = 0;
				GCC_PREPROCESSOR_DEFINITIONS = (
					"DEBUG=1",
					"$(inherited)",
				);
				GCC_WARN_64_TO_32_BIT_CONVERSION = YES;
				GCC_WARN_ABOUT_RETURN_TYPE = YES_ERROR;
				GCC_WARN_UNDECLARED_SELECTOR = YES;
				GCC_WARN_UNINITIALIZED_AUTOS = YES_AGGRESSIVE;
				GCC_WARN_UNUSED_FUNCTION = YES;
				GCC_WARN_UNUSED_VARIABLE = YES;
				IPHONEOS_DEPLOYMENT_TARGET = 9.2;
				MTL_ENABLE_DEBUG_INFO = YES;
				ONLY_ACTIVE_ARCH = YES;
				SDKROOT = iphoneos;
				SWIFT_OPTIMIZATION_LEVEL = "-Onone";
			};
			name = Debug;
		};
		ED4D43C31C38B8C200EC1833 /* Release */ = {
			isa = XCBuildConfiguration;
			buildSettings = {
				ALWAYS_SEARCH_USER_PATHS = NO;
				CLANG_CXX_LANGUAGE_STANDARD = "gnu++0x";
				CLANG_CXX_LIBRARY = "libc++";
				CLANG_ENABLE_MODULES = YES;
				CLANG_ENABLE_OBJC_ARC = YES;
				CLANG_WARN_BOOL_CONVERSION = YES;
				CLANG_WARN_CONSTANT_CONVERSION = YES;
				CLANG_WARN_DIRECT_OBJC_ISA_USAGE = YES_ERROR;
				CLANG_WARN_EMPTY_BODY = YES;
				CLANG_WARN_ENUM_CONVERSION = YES;
				CLANG_WARN_INT_CONVERSION = YES;
				CLANG_WARN_OBJC_ROOT_CLASS = YES_ERROR;
				CLANG_WARN_UNREACHABLE_CODE = YES;
				CLANG_WARN__DUPLICATE_METHOD_MATCH = YES;
				"CODE_SIGN_IDENTITY[sdk=iphoneos*]" = "iPhone Developer";
				COPY_PHASE_STRIP = NO;
				DEBUG_INFORMATION_FORMAT = "dwarf-with-dsym";
				ENABLE_NS_ASSERTIONS = NO;
				ENABLE_STRICT_OBJC_MSGSEND = YES;
				GCC_C_LANGUAGE_STANDARD = gnu99;
				GCC_NO_COMMON_BLOCKS = YES;
				GCC_WARN_64_TO_32_BIT_CONVERSION = YES;
				GCC_WARN_ABOUT_RETURN_TYPE = YES_ERROR;
				GCC_WARN_UNDECLARED_SELECTOR = YES;
				GCC_WARN_UNINITIALIZED_AUTOS = YES_AGGRESSIVE;
				GCC_WARN_UNUSED_FUNCTION = YES;
				GCC_WARN_UNUSED_VARIABLE = YES;
				IPHONEOS_DEPLOYMENT_TARGET = 9.2;
				MTL_ENABLE_DEBUG_INFO = NO;
				SDKROOT = iphoneos;
				VALIDATE_PRODUCT = YES;
			};
			name = Release;
		};
		ED4D43C51C38B8C200EC1833 /* Debug */ = {
			isa = XCBuildConfiguration;
			buildSettings = {
				ASSETCATALOG_COMPILER_APPICON_NAME = AppIcon;
				INFOPLIST_FILE = SuperCool/Info.plist;
				LD_RUNPATH_SEARCH_PATHS = "$(inherited) @executable_path/Frameworks";
				PRODUCT_BUNDLE_IDENTIFIER = com.snowseal.SuperCool;
				PRODUCT_NAME = "$(TARGET_NAME)";
			};
			name = Debug;
		};
		ED4D43C61C38B8C200EC1833 /* Release */ = {
			isa = XCBuildConfiguration;
			buildSettings = {
				ASSETCATALOG_COMPILER_APPICON_NAME = AppIcon;
				INFOPLIST_FILE = SuperCool/Info.plist;
				LD_RUNPATH_SEARCH_PATHS = "$(inherited) @executable_path/Frameworks";
				PRODUCT_BUNDLE_IDENTIFIER = com.snowseal.SuperCool;
				PRODUCT_NAME = "$(TARGET_NAME)";
			};
			name = Release;
		};
/* End XCBuildConfiguration section */

/* Begin XCConfigurationList section */
		ED4D43AD1C38B8C200EC1833 /* Build configuration list for PBXProject "SuperCool" */ = {
			isa = XCConfigurationList;
			buildConfigurations = (
				ED4D43C21C38B8C200EC1833 /* Debug */,
				ED4D43C31C38B8C200EC1833 /* Release */,
			);
			defaultConfigurationIsVisible = 0;
			defaultConfigurationName = Release;
		};
		ED4D43C41C38B8C200EC1833 /* Build configuration list for PBXNativeTarget "SuperCool" */ = {
			isa = XCConfigurationList;
			buildConfigurations = (
				ED4D43C51C38B8C200EC1833 /* Debug */,
				ED4D43C61C38B8C200EC1833 /* Release */,
			);
			defaultConfigurationIsVisible = 0;
		};
/* End XCConfigurationList section */
	};
	rootObject = ED4D43AA1C38B8C200EC1833 /* Project object */;
}
